
Microsoft Visual Studio Solution File, Format Version 12.00
# Visual Studio Version 16
VisualStudioVersion = 16.0.31025.194
MinimumVisualStudioVersion = 10.0.40219.1
Project("{2150E333-8FDC-42A3-9474-1A3956D46DE8}") = "1.UserCrudApiChallenge.API", "1.UserCrudApiChallenge.API", "{D84720F9-2EA2-4507-83B8-3E2301B59A33}"
EndProject
Project("{2150E333-8FDC-42A3-9474-1A3956D46DE8}") = "2.UserCrudApiChallenge.Application", "2.UserCrudApiChallenge.Application", "{EB7C7B1A-1779-44FD-9421-472F9C69D1F8}"
EndProject
Project("{2150E333-8FDC-42A3-9474-1A3956D46DE8}") = "3.UserCrudApiChallenge.Domain", "3.UserCrudApiChallenge.Domain", "{3B703F4E-35A2-43AA-9602-6D6072EA175F}"
EndProject
Project("{2150E333-8FDC-42A3-9474-1A3956D46DE8}") = "4.UserCrudApiChallenge.Infraestructure", "4.UserCrudApiChallenge.Infraestructure", "{46FC4C3E-28C7-4A9D-BBB6-446BC316DA36}"
EndProject
Project("{2150E333-8FDC-42A3-9474-1A3956D46DE8}") = "5.UserCrudApiChallenge.CrossCutting", "5.UserCrudApiChallenge.CrossCutting", "{9BFC80E2-FF9E-489C-A713-2FAF4238125E}"
EndProject
Project("{FAE04EC0-301F-11D3-BF4B-00C04F79EFBC}") = "UserCrudChallenge.CrossCutting.Common", "UserCrudChallenge.CrossCutting.Common\UserCrudChallenge.CrossCutting.Common.csproj", "{8FC441C1-3D47-49D8-A992-26A2578DABC0}"
EndProject
Project("{FAE04EC0-301F-11D3-BF4B-00C04F79EFBC}") = "5.UserCrudApiChallenge.CrossCutting.User", "5.UserCrudApiChallenge.CrossCutting.User\5.UserCrudApiChallenge.CrossCutting.User.csproj", "{6EE76DA6-B60F-4EF3-960B-C4E46F39258F}"
EndProject
Project("{2150E333-8FDC-42A3-9474-1A3956D46DE8}") = "4.1-Repository", "4.1-Repository", "{7CB1AB15-5BA3-4BB8-A6C7-F87EBBCB9E5F}"
EndProject
Project("{FAE04EC0-301F-11D3-BF4B-00C04F79EFBC}") = "UserCrudApiChallenge.Infraestructure.Repository", "UserCrudApiChallenge.Infraestructure.Repository\UserCrudApiChallenge.Infraestructure.Repository.csproj", "{83553495-6AE1-40F4-AE87-7555430627E4}"
EndProject
Project("{2150E333-8FDC-42A3-9474-1A3956D46DE8}") = "3.1-Entity", "3.1-Entity", "{809D4B2E-A0A0-4CDE-ABAD-093889CF9D61}"
EndProject
Project("{2150E333-8FDC-42A3-9474-1A3956D46DE8}") = "3.2-Interface", "3.2-Interface", "{34A99A1D-D302-484B-9224-F7A3D0764B90}"
EndProject
Project("{2150E333-8FDC-42A3-9474-1A3956D46DE8}") = "3.3-Core", "3.3-Core", "{4F8FC954-0200-41BC-A973-49E7844C8E36}"
EndProject
Project("{FAE04EC0-301F-11D3-BF4B-00C04F79EFBC}") = "UserCrudApiChallenge.Domain.Entity", "UserCrudApiChallenge.Domain.Entity\UserCrudApiChallenge.Domain.Entity.csproj", "{4F2A715D-8A99-486E-B07B-88C731223581}"
EndProject
Project("{FAE04EC0-301F-11D3-BF4B-00C04F79EFBC}") = "UserCrudApiChallenge.Domain.Interface", "UserCrudApiChallenge.Domain.Interface\UserCrudApiChallenge.Domain.Interface.csproj", "{1B7B90DD-A619-42C5-9342-96E26A5ECB71}"
EndProject
Project("{FAE04EC0-301F-11D3-BF4B-00C04F79EFBC}") = "UserCrudApiChallenge.Domain.Core", "UserCrudApiChallenge.Domain.Core\UserCrudApiChallenge.Domain.Core.csproj", "{48642DFF-644C-4ED1-AEC4-8E05EA905A9B}"
EndProject
Project("{2150E333-8FDC-42A3-9474-1A3956D46DE8}") = "2.1-Application.DTO", "2.1-Application.DTO", "{127822C8-F622-42B0-AB2C-8331B8E1BD8A}"
EndProject
Project("{2150E333-8FDC-42A3-9474-1A3956D46DE8}") = "2.3-Application.Interface", "2.3-Application.Interface", "{E6C2DE91-79CF-4C3E-8016-6CF0A5482B7D}"
EndProject
Project("{FAE04EC0-301F-11D3-BF4B-00C04F79EFBC}") = "UserCrudApiChallenge.Application.Interface", "UserCrudApiChallenge.Application.Interface\UserCrudApiChallenge.Application.Interface.csproj", "{9D339FB5-594A-4BF1-90A1-187E8067694A}"
EndProject
Project("{FAE04EC0-301F-11D3-BF4B-00C04F79EFBC}") = "UserCrudApiChallenge.Application.DTO", "UserCrudApiChallenge.Application.DTO\UserCrudApiChallenge.Application.DTO.csproj", "{5E5B4C3A-362A-4052-A395-78C76DF37C32}"
EndProject
Project("{2150E333-8FDC-42A3-9474-1A3956D46DE8}") = "2.2-Application.Main", "2.2-Application.Main", "{1B4CC2EF-3672-4B92-8D0B-48364D0526C8}"
EndProject
Project("{FAE04EC0-301F-11D3-BF4B-00C04F79EFBC}") = "UserCrudApiChallenge.Application.Main", "UserCrudApiChallenge.Application.Main\UserCrudApiChallenge.Application.Main.csproj", "{EA6DB449-AB28-47D8-841C-4BC25ED2EFE5}"
EndProject
Project("{2150E333-8FDC-42A3-9474-1A3956D46DE8}") = "4.2-Interface", "4.2-Interface", "{BB4979C6-ACBF-47A5-B7F9-9D485DFD838F}"
EndProject
Project("{FAE04EC0-301F-11D3-BF4B-00C04F79EFBC}") = "UserCrudApiChallenge.Infraestructure.Interface", "UserCrudApiChallenge.Infraestructure.Interface\UserCrudApiChallenge.Infraestructure.Interface.csproj", "{03511B94-50D7-4EC0-8A5C-1812F65F8DA2}"
EndProject
Project("{FAE04EC0-301F-11D3-BF4B-00C04F79EFBC}") = "UserCrudApi", "UserCrudApi\UserCrudApi.csproj", "{069B8A69-B16C-4075-B183-4F546AC5ECB2}"
EndProject
Global
	GlobalSection(SolutionConfigurationPlatforms) = preSolution
		Debug|Any CPU = Debug|Any CPU
		Release|Any CPU = Release|Any CPU
	EndGlobalSection
	GlobalSection(ProjectConfigurationPlatforms) = postSolution
		{8FC441C1-3D47-49D8-A992-26A2578DABC0}.Debug|Any CPU.ActiveCfg = Debug|Any CPU
		{8FC441C1-3D47-49D8-A992-26A2578DABC0}.Debug|Any CPU.Build.0 = Debug|Any CPU
		{8FC441C1-3D47-49D8-A992-26A2578DABC0}.Release|Any CPU.ActiveCfg = Release|Any CPU
		{8FC441C1-3D47-49D8-A992-26A2578DABC0}.Release|Any CPU.Build.0 = Release|Any CPU
		{6EE76DA6-B60F-4EF3-960B-C4E46F39258F}.Debug|Any CPU.ActiveCfg = Debug|Any CPU
		{6EE76DA6-B60F-4EF3-960B-C4E46F39258F}.Debug|Any CPU.Build.0 = Debug|Any CPU
		{6EE76DA6-B60F-4EF3-960B-C4E46F39258F}.Release|Any CPU.ActiveCfg = Release|Any CPU
		{6EE76DA6-B60F-4EF3-960B-C4E46F39258F}.Release|Any CPU.Build.0 = Release|Any CPU
		{83553495-6AE1-40F4-AE87-7555430627E4}.Debug|Any CPU.ActiveCfg = Debug|Any CPU
		{83553495-6AE1-40F4-AE87-7555430627E4}.Debug|Any CPU.Build.0 = Debug|Any CPU
		{83553495-6AE1-40F4-AE87-7555430627E4}.Release|Any CPU.ActiveCfg = Release|Any CPU
		{83553495-6AE1-40F4-AE87-7555430627E4}.Release|Any CPU.Build.0 = Release|Any CPU
		{4F2A715D-8A99-486E-B07B-88C731223581}.Debug|Any CPU.ActiveCfg = Debug|Any CPU
		{4F2A715D-8A99-486E-B07B-88C731223581}.Debug|Any CPU.Build.0 = Debug|Any CPU
		{4F2A715D-8A99-486E-B07B-88C731223581}.Release|Any CPU.ActiveCfg = Release|Any CPU
		{4F2A715D-8A99-486E-B07B-88C731223581}.Release|Any CPU.Build.0 = Release|Any CPU
		{1B7B90DD-A619-42C5-9342-96E26A5ECB71}.Debug|Any CPU.ActiveCfg = Debug|Any CPU
		{1B7B90DD-A619-42C5-9342-96E26A5ECB71}.Debug|Any CPU.Build.0 = Debug|Any CPU
		{1B7B90DD-A619-42C5-9342-96E26A5ECB71}.Release|Any CPU.ActiveCfg = Release|Any CPU
		{1B7B90DD-A619-42C5-9342-96E26A5ECB71}.Release|Any CPU.Build.0 = Release|Any CPU
		{48642DFF-644C-4ED1-AEC4-8E05EA905A9B}.Debug|Any CPU.ActiveCfg = Debug|Any CPU
		{48642DFF-644C-4ED1-AEC4-8E05EA905A9B}.Debug|Any CPU.Build.0 = Debug|Any CPU
		{48642DFF-644C-4ED1-AEC4-8E05EA905A9B}.Release|Any CPU.ActiveCfg = Release|Any CPU
		{48642DFF-644C-4ED1-AEC4-8E05EA905A9B}.Release|Any CPU.Build.0 = Release|Any CPU
		{9D339FB5-594A-4BF1-90A1-187E8067694A}.Debug|Any CPU.ActiveCfg = Debug|Any CPU
		{9D339FB5-594A-4BF1-90A1-187E8067694A}.Debug|Any CPU.Build.0 = Debug|Any CPU
		{9D339FB5-594A-4BF1-90A1-187E8067694A}.Release|Any CPU.ActiveCfg = Release|Any CPU
		{9D339FB5-594A-4BF1-90A1-187E8067694A}.Release|Any CPU.Build.0 = Release|Any CPU
		{5E5B4C3A-362A-4052-A395-78C76DF37C32}.Debug|Any CPU.ActiveCfg = Debug|Any CPU
		{5E5B4C3A-362A-4052-A395-78C76DF37C32}.Debug|Any CPU.Build.0 = Debug|Any CPU
		{5E5B4C3A-362A-4052-A395-78C76DF37C32}.Release|Any CPU.ActiveCfg = Release|Any CPU
		{5E5B4C3A-362A-4052-A395-78C76DF37C32}.Release|Any CPU.Build.0 = Release|Any CPU
		{EA6DB449-AB28-47D8-841C-4BC25ED2EFE5}.Debug|Any CPU.ActiveCfg = Debug|Any CPU
		{EA6DB449-AB28-47D8-841C-4BC25ED2EFE5}.Debug|Any CPU.Build.0 = Debug|Any CPU
		{EA6DB449-AB28-47D8-841C-4BC25ED2EFE5}.Release|Any CPU.ActiveCfg = Release|Any CPU
		{EA6DB449-AB28-47D8-841C-4BC25ED2EFE5}.Release|Any CPU.Build.0 = Release|Any CPU
		{03511B94-50D7-4EC0-8A5C-1812F65F8DA2}.Debug|Any CPU.ActiveCfg = Debug|Any CPU
		{03511B94-50D7-4EC0-8A5C-1812F65F8DA2}.Debug|Any CPU.Build.0 = Debug|Any CPU
		{03511B94-50D7-4EC0-8A5C-1812F65F8DA2}.Release|Any CPU.ActiveCfg = Release|Any CPU
		{03511B94-50D7-4EC0-8A5C-1812F65F8DA2}.Release|Any CPU.Build.0 = Release|Any CPU
		{069B8A69-B16C-4075-B183-4F546AC5ECB2}.Debug|Any CPU.ActiveCfg = Debug|Any CPU
		{069B8A69-B16C-4075-B183-4F546AC5ECB2}.Debug|Any CPU.Build.0 = Debug|Any CPU
		{069B8A69-B16C-4075-B183-4F546AC5ECB2}.Release|Any CPU.ActiveCfg = Release|Any CPU
		{069B8A69-B16C-4075-B183-4F546AC5ECB2}.Release|Any CPU.Build.0 = Release|Any CPU
	EndGlobalSection
	GlobalSection(SolutionProperties) = preSolution
		HideSolutionNode = FALSE
	EndGlobalSection
	GlobalSection(NestedProjects) = preSolution
		{8FC441C1-3D47-49D8-A992-26A2578DABC0} = {9BFC80E2-FF9E-489C-A713-2FAF4238125E}
		{6EE76DA6-B60F-4EF3-960B-C4E46F39258F} = {9BFC80E2-FF9E-489C-A713-2FAF4238125E}
		{7CB1AB15-5BA3-4BB8-A6C7-F87EBBCB9E5F} = {46FC4C3E-28C7-4A9D-BBB6-446BC316DA36}
		{83553495-6AE1-40F4-AE87-7555430627E4} = {7CB1AB15-5BA3-4BB8-A6C7-F87EBBCB9E5F}
		{809D4B2E-A0A0-4CDE-ABAD-093889CF9D61} = {3B703F4E-35A2-43AA-9602-6D6072EA175F}
		{34A99A1D-D302-484B-9224-F7A3D0764B90} = {3B703F4E-35A2-43AA-9602-6D6072EA175F}
		{4F8FC954-0200-41BC-A973-49E7844C8E36} = {3B703F4E-35A2-43AA-9602-6D6072EA175F}
		{4F2A715D-8A99-486E-B07B-88C731223581} = {809D4B2E-A0A0-4CDE-ABAD-093889CF9D61}
		{1B7B90DD-A619-42C5-9342-96E26A5ECB71} = {34A99A1D-D302-484B-9224-F7A3D0764B90}
		{48642DFF-644C-4ED1-AEC4-8E05EA905A9B} = {4F8FC954-0200-41BC-A973-49E7844C8E36}
		{127822C8-F622-42B0-AB2C-8331B8E1BD8A} = {EB7C7B1A-1779-44FD-9421-472F9C69D1F8}
		{E6C2DE91-79CF-4C3E-8016-6CF0A5482B7D} = {EB7C7B1A-1779-44FD-9421-472F9C69D1F8}
		{9D339FB5-594A-4BF1-90A1-187E8067694A} = {E6C2DE91-79CF-4C3E-8016-6CF0A5482B7D}
		{5E5B4C3A-362A-4052-A395-78C76DF37C32} = {127822C8-F622-42B0-AB2C-8331B8E1BD8A}
		{1B4CC2EF-3672-4B92-8D0B-48364D0526C8} = {EB7C7B1A-1779-44FD-9421-472F9C69D1F8}
		{EA6DB449-AB28-47D8-841C-4BC25ED2EFE5} = {1B4CC2EF-3672-4B92-8D0B-48364D0526C8}
		{BB4979C6-ACBF-47A5-B7F9-9D485DFD838F} = {46FC4C3E-28C7-4A9D-BBB6-446BC316DA36}
		{03511B94-50D7-4EC0-8A5C-1812F65F8DA2} = {BB4979C6-ACBF-47A5-B7F9-9D485DFD838F}
		{069B8A69-B16C-4075-B183-4F546AC5ECB2} = {D84720F9-2EA2-4507-83B8-3E2301B59A33}
	EndGlobalSection
	GlobalSection(ExtensibilityGlobals) = postSolution
		SolutionGuid = {D50C0DED-39A0-4D34-A097-F0F1981EDFEB}
	EndGlobalSection
EndGlobal
